{
  "name": "3gf-parse",
  "version": "1.0.0",
  "lockfileVersion": 1,
  "requires": true,
  "dependencies": {
    "env-obj": {
      "version": "0.0.2",
      "resolved": "https://registry.npmjs.org/env-obj/-/env-obj-0.0.2.tgz",
      "integrity": "sha1-ZIwOil2AOqnNQMbORXtAjjak494="
    },
    "lodash": {
      "version": "4.17.5",
      "resolved": "https://registry.npmjs.org/lodash/-/lodash-4.17.5.tgz",
      "integrity": "sha512-svL3uiZf1RwhH+cWrfZn3A4+U58wbP0tGVTLQPbjplZxZ8ROD9VLuNgsRniTlLe7OlSqR79RUehXgpBW/s0IQw=="
    },
    "microservice-config": {
      "version": "0.0.1",
      "resolved": "https://registry.npmjs.org/microservice-config/-/microservice-config-0.0.1.tgz",
      "integrity": "sha1-YcGNgqOfoyr7aCYjEhlLWkd/F6U=",
      "requires": {
        "env-obj": "0.0.2",
        "lodash": "4.17.5",
        "subarg": "1.0.0"
      }
    },
    "minimist": {
      "version": "1.2.0",
      "resolved": "https://registry.npmjs.org/minimist/-/minimist-1.2.0.tgz",
      "integrity": "sha1-o1AIsg9BOD7sH7kU9M1d95omQoQ="
    },
    "serial-stream": {
      "version": "0.0.2",
      "resolved": "https://registry.npmjs.org/serial-stream/-/serial-stream-0.0.2.tgz",
      "integrity": "sha1-aH7PKD9eExy9M8PkMEoCkEKoaW8="
    },
    "subarg": {
      "version": "1.0.0",
      "resolved": "https://registry.npmjs.org/subarg/-/subarg-1.0.0.tgz",
      "integrity": "sha1-9izxdYHplrSPyWVpn1TAauJouNI=",
      "requires": {
        "minimist": "1.2.0"
      }
    }
  }
}
